
Microsoft Visual Studio Solution File, Format Version 12.00
# Visual Studio 15
VisualStudioVersion = 15.0.28307.1169
MinimumVisualStudioVersion = 10.0.40219.1
Project("{FAE04EC0-301F-11D3-BF4B-00C04F79EFBC}") = "Xps2PdfConverter", "Xps2PdfConverter\Xps2PdfConverter.csproj", "{9955908C-AE7C-4AB8-8616-FF11B9F6AE8D}"
EndProject
Project("{FAE04EC0-301F-11D3-BF4B-00C04F79EFBC}") = "PdfSharp.Xps", "lib\PDFSharp\PdfSharp.Xps\PdfSharp.Xps.csproj", "{0BC3964B-A3BC-49D5-9B7C-463299B5A166}"
EndProject
Project("{FAE04EC0-301F-11D3-BF4B-00C04F79EFBC}") = "PdfSharp-WPF", "lib\PDFSharp\PdfSharp\PdfSharp-WPF.csproj", "{829D93B8-7950-4BC8-AEA4-51854F84C172}"
EndProject
Project("{2150E333-8FDC-42A3-9474-1A3956D46DE8}") = ".build", ".build", "{3DB1EBE4-431E-4A74-A657-1CDD52CB2FD6}"
	ProjectSection(SolutionItems) = preProject
		Build.proj = Build.proj
		.build\MSBuild.Community.Tasks.dll = .build\MSBuild.Community.Tasks.dll
		.build\MSBuild.Community.Tasks.targets = .build\MSBuild.Community.Tasks.targets
	EndProjectSection
EndProject
Project("{FAE04EC0-301F-11D3-BF4B-00C04F79EFBC}") = "PDF2TIF", "PDF2TIF\PDF2TIF.csproj", "{E94451BD-00F9-4C1E-9501-45EC2EE07998}"
EndProject
Project("{FAE04EC0-301F-11D3-BF4B-00C04F79EFBC}") = "GhostScriptWrapper", "GhostScriptWrapper\GhostScriptWrapper.csproj", "{370816BF-3585-4365-9D92-ACAA70DF463E}"
EndProject
Global
	GlobalSection(SolutionConfigurationPlatforms) = preSolution
		Debug|Any CPU = Debug|Any CPU
		Debug|x86 = Debug|x86
		Release|Any CPU = Release|Any CPU
		Release|x86 = Release|x86
	EndGlobalSection
	GlobalSection(ProjectConfigurationPlatforms) = postSolution
		{9955908C-AE7C-4AB8-8616-FF11B9F6AE8D}.Debug|Any CPU.ActiveCfg = Debug|Any CPU
		{9955908C-AE7C-4AB8-8616-FF11B9F6AE8D}.Debug|Any CPU.Build.0 = Debug|Any CPU
		{9955908C-AE7C-4AB8-8616-FF11B9F6AE8D}.Debug|x86.ActiveCfg = Debug|x86
		{9955908C-AE7C-4AB8-8616-FF11B9F6AE8D}.Debug|x86.Build.0 = Debug|x86
		{9955908C-AE7C-4AB8-8616-FF11B9F6AE8D}.Release|Any CPU.ActiveCfg = Release|Any CPU
		{9955908C-AE7C-4AB8-8616-FF11B9F6AE8D}.Release|Any CPU.Build.0 = Release|Any CPU
		{9955908C-AE7C-4AB8-8616-FF11B9F6AE8D}.Release|x86.ActiveCfg = Release|x86
		{9955908C-AE7C-4AB8-8616-FF11B9F6AE8D}.Release|x86.Build.0 = Release|x86
		{0BC3964B-A3BC-49D5-9B7C-463299B5A166}.Debug|Any CPU.ActiveCfg = Debug|Any CPU
		{0BC3964B-A3BC-49D5-9B7C-463299B5A166}.Debug|Any CPU.Build.0 = Debug|Any CPU
		{0BC3964B-A3BC-49D5-9B7C-463299B5A166}.Debug|x86.ActiveCfg = Debug|x86
		{0BC3964B-A3BC-49D5-9B7C-463299B5A166}.Debug|x86.Build.0 = Debug|x86
		{0BC3964B-A3BC-49D5-9B7C-463299B5A166}.Release|Any CPU.ActiveCfg = Release|Any CPU
		{0BC3964B-A3BC-49D5-9B7C-463299B5A166}.Release|Any CPU.Build.0 = Release|Any CPU
		{0BC3964B-A3BC-49D5-9B7C-463299B5A166}.Release|x86.ActiveCfg = Release|x86
		{0BC3964B-A3BC-49D5-9B7C-463299B5A166}.Release|x86.Build.0 = Release|x86
		{829D93B8-7950-4BC8-AEA4-51854F84C172}.Debug|Any CPU.ActiveCfg = Debug|Any CPU
		{829D93B8-7950-4BC8-AEA4-51854F84C172}.Debug|Any CPU.Build.0 = Debug|Any CPU
		{829D93B8-7950-4BC8-AEA4-51854F84C172}.Debug|x86.ActiveCfg = Debug|x86
		{829D93B8-7950-4BC8-AEA4-51854F84C172}.Debug|x86.Build.0 = Debug|x86
		{829D93B8-7950-4BC8-AEA4-51854F84C172}.Release|Any CPU.ActiveCfg = Release|Any CPU
		{829D93B8-7950-4BC8-AEA4-51854F84C172}.Release|Any CPU.Build.0 = Release|Any CPU
		{829D93B8-7950-4BC8-AEA4-51854F84C172}.Release|x86.ActiveCfg = Release|x86
		{829D93B8-7950-4BC8-AEA4-51854F84C172}.Release|x86.Build.0 = Release|x86
		{E94451BD-00F9-4C1E-9501-45EC2EE07998}.Debug|Any CPU.ActiveCfg = Debug|Any CPU
		{E94451BD-00F9-4C1E-9501-45EC2EE07998}.Debug|Any CPU.Build.0 = Debug|Any CPU
		{E94451BD-00F9-4C1E-9501-45EC2EE07998}.Debug|x86.ActiveCfg = Debug|x86
		{E94451BD-00F9-4C1E-9501-45EC2EE07998}.Debug|x86.Build.0 = Debug|x86
		{E94451BD-00F9-4C1E-9501-45EC2EE07998}.Release|Any CPU.ActiveCfg = Release|Any CPU
		{E94451BD-00F9-4C1E-9501-45EC2EE07998}.Release|Any CPU.Build.0 = Release|Any CPU
		{E94451BD-00F9-4C1E-9501-45EC2EE07998}.Release|x86.ActiveCfg = Release|x86
		{E94451BD-00F9-4C1E-9501-45EC2EE07998}.Release|x86.Build.0 = Release|x86
		{370816BF-3585-4365-9D92-ACAA70DF463E}.Debug|Any CPU.ActiveCfg = Debug|Any CPU
		{370816BF-3585-4365-9D92-ACAA70DF463E}.Debug|Any CPU.Build.0 = Debug|Any CPU
		{370816BF-3585-4365-9D92-ACAA70DF463E}.Debug|x86.ActiveCfg = Debug|x86
		{370816BF-3585-4365-9D92-ACAA70DF463E}.Debug|x86.Build.0 = Debug|x86
		{370816BF-3585-4365-9D92-ACAA70DF463E}.Release|Any CPU.ActiveCfg = Release|Any CPU
		{370816BF-3585-4365-9D92-ACAA70DF463E}.Release|Any CPU.Build.0 = Release|Any CPU
		{370816BF-3585-4365-9D92-ACAA70DF463E}.Release|x86.ActiveCfg = Release|x86
		{370816BF-3585-4365-9D92-ACAA70DF463E}.Release|x86.Build.0 = Release|x86
	EndGlobalSection
	GlobalSection(SolutionProperties) = preSolution
		HideSolutionNode = FALSE
	EndGlobalSection
	GlobalSection(ExtensibilityGlobals) = postSolution
		SolutionGuid = {D75424EB-CF31-4DE4-9EE1-8CD38BEFDBFC}
	EndGlobalSection
EndGlobal
